
Microsoft Visual Studio Solution File, Format Version 12.00
# Visual Studio Version 17
VisualStudioVersion = 17.14.36109.1
MinimumVisualStudioVersion = 10.0.40219.1
Project("{FAE04EC0-301F-11D3-BF4B-00C04F79EFBC}") = "MaiQuocAnhWPF", "MaiQuocAnhWPF\MaiQuocAnhWPF.csproj", "{E70E2747-670A-4502-8098-60CC9EE4F617}"
EndProject
Project("{FAE04EC0-301F-11D3-BF4B-00C04F79EFBC}") = "MaiQuocAnhWPF.Business", "MaiQuocAnhWPF.Business\MaiQuocAnhWPF.Business.csproj", "{EE3DA6E0-5335-490B-A882-F4BED5899511}"
EndProject
Project("{FAE04EC0-301F-11D3-BF4B-00C04F79EFBC}") = "MaiQuocAnhWPF.Data", "MaiQuocAnhWPF.Data\MaiQuocAnhWPF.Data.csproj", "{A3A8A518-E50B-40D7-A524-464761C7BBC7}"
EndProject
Global
	GlobalSection(SolutionConfigurationPlatforms) = preSolution
		Debug|Any CPU = Debug|Any CPU
		Release|Any CPU = Release|Any CPU
	EndGlobalSection
	GlobalSection(ProjectConfigurationPlatforms) = postSolution
		{E70E2747-670A-4502-8098-60CC9EE4F617}.Debug|Any CPU.ActiveCfg = Debug|Any CPU
		{E70E2747-670A-4502-8098-60CC9EE4F617}.Debug|Any CPU.Build.0 = Debug|Any CPU
		{E70E2747-670A-4502-8098-60CC9EE4F617}.Release|Any CPU.ActiveCfg = Release|Any CPU
		{E70E2747-670A-4502-8098-60CC9EE4F617}.Release|Any CPU.Build.0 = Release|Any CPU
		{EE3DA6E0-5335-490B-A882-F4BED5899511}.Debug|Any CPU.ActiveCfg = Debug|Any CPU
		{EE3DA6E0-5335-490B-A882-F4BED5899511}.Debug|Any CPU.Build.0 = Debug|Any CPU
		{EE3DA6E0-5335-490B-A882-F4BED5899511}.Release|Any CPU.ActiveCfg = Release|Any CPU
		{EE3DA6E0-5335-490B-A882-F4BED5899511}.Release|Any CPU.Build.0 = Release|Any CPU
		{A3A8A518-E50B-40D7-A524-464761C7BBC7}.Debug|Any CPU.ActiveCfg = Debug|Any CPU
		{A3A8A518-E50B-40D7-A524-464761C7BBC7}.Debug|Any CPU.Build.0 = Debug|Any CPU
		{A3A8A518-E50B-40D7-A524-464761C7BBC7}.Release|Any CPU.ActiveCfg = Release|Any CPU
		{A3A8A518-E50B-40D7-A524-464761C7BBC7}.Release|Any CPU.Build.0 = Release|Any CPU
	EndGlobalSection
	GlobalSection(SolutionProperties) = preSolution
		HideSolutionNode = FALSE
	EndGlobalSection
	GlobalSection(ExtensibilityGlobals) = postSolution
		SolutionGuid = {0A96F454-0459-4B84-93DD-7C3910C24D92}
	EndGlobalSection
EndGlobal
