
Microsoft Visual Studio Solution File, Format Version 12.00
# Visual Studio Version 17
VisualStudioVersion = 17.14.36109.1
MinimumVisualStudioVersion = 10.0.40219.1
Project("{FAE04EC0-301F-11D3-BF4B-00C04F79EFBC}") = "FirstProject", "FirstProject\FirstProject.csproj", "{49D99BED-C875-40B8-8708-348978D0DBA1}"
EndProject
Project("{FAE04EC0-301F-11D3-BF4B-00C04F79EFBC}") = "SecondProject", "SecondProject\SecondProject.csproj", "{8FA733FA-5492-44A0-B6ED-AF40B289BD6B}"
EndProject
Project("{FAE04EC0-301F-11D3-BF4B-00C04F79EFBC}") = "FirstDegree", "FirstDegree\FirstDegree.csproj", "{F7C890B2-6952-4A8E-AFD2-E1F77A024038}"
EndProject
Project("{FAE04EC0-301F-11D3-BF4B-00C04F79EFBC}") = "quadratic_equation", "quadratic_equation\quadratic_equation.csproj", "{29652794-9CFD-44C9-BD8B-CEE2678318DF}"
EndProject
Project("{FAE04EC0-301F-11D3-BF4B-00C04F79EFBC}") = "OOP1", "OOP1\OOP1.csproj", "{660FBE82-7C2F-4999-A2D4-3C26EA7B9A08}"
EndProject
Project("{FAE04EC0-301F-11D3-BF4B-00C04F79EFBC}") = "OOP2", "OOP2\OOP2.csproj", "{34F53C8D-707F-4EA1-9B7B-9BB9C36B237C}"
EndProject
Project("{FAE04EC0-301F-11D3-BF4B-00C04F79EFBC}") = "OOP3_ExtensionMethod", "OOP3_ExtensionMethod\OOP3_ExtensionMethod.csproj", "{7B8867FA-D020-4F4B-B09B-5D2FE8D0D76A}"
EndProject
Project("{FAE04EC0-301F-11D3-BF4B-00C04F79EFBC}") = "OOP4_Resume_OOP2", "OOP4_Resume_OOP2\OOP4_Resume_OOP2.csproj", "{79A678D0-1235-4153-B126-373A1D31D5D1}"
EndProject
Project("{FAE04EC0-301F-11D3-BF4B-00C04F79EFBC}") = "OOP5", "OOP5\OOP5.csproj", "{C07ADAA8-A6D7-4430-A801-33536BD0226E}"
EndProject
Project("{FAE04EC0-301F-11D3-BF4B-00C04F79EFBC}") = "StringInteraction", "StringInteraction\StringInteraction.csproj", "{38917B2C-B12C-C09A-22FC-0B20A017CAC3}"
EndProject
Project("{FAE04EC0-301F-11D3-BF4B-00C04F79EFBC}") = "SimpleMath", "SimpleMath\SimpleMath.csproj", "{6B504B32-2EC3-31FF-364E-387EA626DEA2}"
EndProject
Project("{FAE04EC0-301F-11D3-BF4B-00C04F79EFBC}") = "RefAndOutSample", "RefAndOutSample\RefAndOutSample.csproj", "{5ACF7A90-E91E-BFF8-304E-61687264C0B2}"
EndProject
Project("{FAE04EC0-301F-11D3-BF4B-00C04F79EFBC}") = "TryParseSample", "TryParseSample\TryParseSample.csproj", "{44516396-E996-597B-AFA7-80747A163423}"
EndProject
Project("{FAE04EC0-301F-11D3-BF4B-00C04F79EFBC}") = "paramssample", "paramssample\paramssample.csproj", "{1308E633-2F06-7653-8518-DDD628D2729B}"
EndProject
Project("{FAE04EC0-301F-11D3-BF4B-00C04F79EFBC}") = "TuplesSample", "TuplesSample\TuplesSample.csproj", "{CD0E791E-7B9E-5639-578E-B7E736D7DBCE}"
EndProject
Project("{FAE04EC0-301F-11D3-BF4B-00C04F79EFBC}") = "NestedLoop_Shape", "NestedLoop_Shape\NestedLoop_Shape.csproj", "{5B462CED-FB52-2F75-C40B-6641BD2F582B}"
EndProject
Project("{FAE04EC0-301F-11D3-BF4B-00C04F79EFBC}") = "OOP6_Dictionary", "OOP6_Dictionary\OOP6_Dictionary.csproj", "{170CDCB6-D7F5-4F26-AD00-EBA39EEC613F}"
EndProject
Project("{2150E333-8FDC-42A3-9474-1A3956D46DE8}") = "Chapter 5", "Chapter 5", "{02EA681E-C7D8-13C7-8484-4AC65E1B71E8}"
EndProject
Project("{FAE04EC0-301F-11D3-BF4B-00C04F79EFBC}") = "BuilderPattern", "BuilderPattern\BuilderPattern.csproj", "{044DE341-433F-5702-4D82-2BB3FD3832E3}"
EndProject
Project("{FAE04EC0-301F-11D3-BF4B-00C04F79EFBC}") = "SingletonPattern", "SingletonPattern\SingletonPattern.csproj", "{FABC0CC8-7E79-3D9B-8D56-17C4207BB104}"
EndProject
Project("{FAE04EC0-301F-11D3-BF4B-00C04F79EFBC}") = "PrototypePattern", "PrototypePattern\PrototypePattern.csproj", "{92C92FD4-253A-352A-CA1D-8ACA5E5F3868}"
EndProject
Project("{FAE04EC0-301F-11D3-BF4B-00C04F79EFBC}") = "ObserverPattern", "ObserverPattern\ObserverPattern.csproj", "{FEBF851F-917B-C45E-D2B8-7873FE9FDB40}"
EndProject
Project("{FAE04EC0-301F-11D3-BF4B-00C04F79EFBC}") = "FactoriesPattern", "FactoriesPattern\FactoriesPattern.csproj", "{15ADFCBE-9B56-7B0A-7AE5-771D29B1F4C9}"
EndProject
Project("{FAE04EC0-301F-11D3-BF4B-00C04F79EFBC}") = "DemoAliasClone", "DemoAliasClone\DemoAliasClone.csproj", "{C777D839-79C4-4B62-8D16-04CA5E7E20C6}"
EndProject
Project("{FAE04EC0-301F-11D3-BF4B-00C04F79EFBC}") = "DemoLINQ2SQL", "DemoLINQ2SQL\DemoLINQ2SQL.csproj", "{E831BAC6-A2D5-7838-90F2-C07539A99F01}"
EndProject
Project("{2150E333-8FDC-42A3-9474-1A3956D46DE8}") = "Chapter 6", "Chapter 6", "{47CC24EA-DEE1-43E5-ACDE-BC3A0FAAF0FE}"
EndProject
Project("{FAE04EC0-301F-11D3-BF4B-00C04F79EFBC}") = "DemoLINQ2ObjectModelClass", "DemoLINQ2ObjectModelClass\DemoLINQ2ObjectModelClass.csproj", "{561BF8D6-6A2F-90EE-0D4D-F316F94CC034}"
EndProject
Project("{FAE04EC0-301F-11D3-BF4B-00C04F79EFBC}") = "DemoLINQ2Object", "DemoLINQ2Object\DemoLINQ2Object.csproj", "{DAF9D6E0-7FDA-6630-A35F-81F26D7D9664}"
EndProject
Project("{FAE04EC0-301F-11D3-BF4B-00C04F79EFBC}") = "DemoDelegate", "DemoDelegate\DemoDelegate.csproj", "{2D266117-66DF-2AA8-67C7-AB234A701B9E}"
EndProject
Project("{2150E333-8FDC-42A3-9474-1A3956D46DE8}") = "Chapter 1 - 4", "Chapter 1 - 4", "{7090C081-7DB8-4600-96D9-4AC62A8FF3EB}"
EndProject
Project("{FAE04EC0-301F-11D3-BF4B-00C04F79EFBC}") = "Lucy_SalesDataManagements", "Lucy_SalesDataManagements\Lucy_SalesDataManagements.csproj", "{D30AC86F-3BAB-4F13-9490-B7A83B67B3A6}"
EndProject
Project("{2150E333-8FDC-42A3-9474-1A3956D46DE8}") = "Chapter 7", "Chapter 7", "{9489BB9E-F4E1-4654-BF09-C77081B52CA4}"
EndProject
Project("{FAE04EC0-301F-11D3-BF4B-00C04F79EFBC}") = "HelloWPFApp", "HelloWPFApp\HelloWPFApp.csproj", "{741510D9-C2E3-465D-A5FB-6F7D444D57A7}"
EndProject
Project("{FAE04EC0-301F-11D3-BF4B-00C04F79EFBC}") = "ButtonControl_TongHop", "ButtonControl_TongHop\ButtonControl_TongHop.csproj", "{E62C1C99-23E4-4FF5-9351-9ACD29564107}"
EndProject
Project("{FAE04EC0-301F-11D3-BF4B-00C04F79EFBC}") = "CheckBoxControlEvent", "CheckBoxControlEvent\CheckBoxControlEvent.csproj", "{C82D2A3E-DD9F-4448-8BC0-AB48728B5D65}"
EndProject
Project("{FAE04EC0-301F-11D3-BF4B-00C04F79EFBC}") = "RadioButtonControl", "RadioButtonControl\RadioButtonControl.csproj", "{92158927-2668-4575-9DD6-5BDFDD6AEB97}"
EndProject
Global
	GlobalSection(SolutionConfigurationPlatforms) = preSolution
		Debug|Any CPU = Debug|Any CPU
		Release|Any CPU = Release|Any CPU
	EndGlobalSection
	GlobalSection(ProjectConfigurationPlatforms) = postSolution
		{49D99BED-C875-40B8-8708-348978D0DBA1}.Debug|Any CPU.ActiveCfg = Debug|Any CPU
		{49D99BED-C875-40B8-8708-348978D0DBA1}.Debug|Any CPU.Build.0 = Debug|Any CPU
		{49D99BED-C875-40B8-8708-348978D0DBA1}.Release|Any CPU.ActiveCfg = Release|Any CPU
		{49D99BED-C875-40B8-8708-348978D0DBA1}.Release|Any CPU.Build.0 = Release|Any CPU
		{8FA733FA-5492-44A0-B6ED-AF40B289BD6B}.Debug|Any CPU.ActiveCfg = Debug|Any CPU
		{8FA733FA-5492-44A0-B6ED-AF40B289BD6B}.Debug|Any CPU.Build.0 = Debug|Any CPU
		{8FA733FA-5492-44A0-B6ED-AF40B289BD6B}.Release|Any CPU.ActiveCfg = Release|Any CPU
		{8FA733FA-5492-44A0-B6ED-AF40B289BD6B}.Release|Any CPU.Build.0 = Release|Any CPU
		{F7C890B2-6952-4A8E-AFD2-E1F77A024038}.Debug|Any CPU.ActiveCfg = Debug|Any CPU
		{F7C890B2-6952-4A8E-AFD2-E1F77A024038}.Debug|Any CPU.Build.0 = Debug|Any CPU
		{F7C890B2-6952-4A8E-AFD2-E1F77A024038}.Release|Any CPU.ActiveCfg = Release|Any CPU
		{F7C890B2-6952-4A8E-AFD2-E1F77A024038}.Release|Any CPU.Build.0 = Release|Any CPU
		{29652794-9CFD-44C9-BD8B-CEE2678318DF}.Debug|Any CPU.ActiveCfg = Debug|Any CPU
		{29652794-9CFD-44C9-BD8B-CEE2678318DF}.Debug|Any CPU.Build.0 = Debug|Any CPU
		{29652794-9CFD-44C9-BD8B-CEE2678318DF}.Release|Any CPU.ActiveCfg = Release|Any CPU
		{29652794-9CFD-44C9-BD8B-CEE2678318DF}.Release|Any CPU.Build.0 = Release|Any CPU
		{660FBE82-7C2F-4999-A2D4-3C26EA7B9A08}.Debug|Any CPU.ActiveCfg = Debug|Any CPU
		{660FBE82-7C2F-4999-A2D4-3C26EA7B9A08}.Debug|Any CPU.Build.0 = Debug|Any CPU
		{660FBE82-7C2F-4999-A2D4-3C26EA7B9A08}.Release|Any CPU.ActiveCfg = Release|Any CPU
		{660FBE82-7C2F-4999-A2D4-3C26EA7B9A08}.Release|Any CPU.Build.0 = Release|Any CPU
		{34F53C8D-707F-4EA1-9B7B-9BB9C36B237C}.Debug|Any CPU.ActiveCfg = Debug|Any CPU
		{34F53C8D-707F-4EA1-9B7B-9BB9C36B237C}.Debug|Any CPU.Build.0 = Debug|Any CPU
		{34F53C8D-707F-4EA1-9B7B-9BB9C36B237C}.Release|Any CPU.ActiveCfg = Release|Any CPU
		{34F53C8D-707F-4EA1-9B7B-9BB9C36B237C}.Release|Any CPU.Build.0 = Release|Any CPU
		{7B8867FA-D020-4F4B-B09B-5D2FE8D0D76A}.Debug|Any CPU.ActiveCfg = Debug|Any CPU
		{7B8867FA-D020-4F4B-B09B-5D2FE8D0D76A}.Debug|Any CPU.Build.0 = Debug|Any CPU
		{7B8867FA-D020-4F4B-B09B-5D2FE8D0D76A}.Release|Any CPU.ActiveCfg = Release|Any CPU
		{7B8867FA-D020-4F4B-B09B-5D2FE8D0D76A}.Release|Any CPU.Build.0 = Release|Any CPU
		{79A678D0-1235-4153-B126-373A1D31D5D1}.Debug|Any CPU.ActiveCfg = Debug|Any CPU
		{79A678D0-1235-4153-B126-373A1D31D5D1}.Debug|Any CPU.Build.0 = Debug|Any CPU
		{79A678D0-1235-4153-B126-373A1D31D5D1}.Release|Any CPU.ActiveCfg = Release|Any CPU
		{79A678D0-1235-4153-B126-373A1D31D5D1}.Release|Any CPU.Build.0 = Release|Any CPU
		{C07ADAA8-A6D7-4430-A801-33536BD0226E}.Debug|Any CPU.ActiveCfg = Debug|Any CPU
		{C07ADAA8-A6D7-4430-A801-33536BD0226E}.Debug|Any CPU.Build.0 = Debug|Any CPU
		{C07ADAA8-A6D7-4430-A801-33536BD0226E}.Release|Any CPU.ActiveCfg = Release|Any CPU
		{C07ADAA8-A6D7-4430-A801-33536BD0226E}.Release|Any CPU.Build.0 = Release|Any CPU
		{38917B2C-B12C-C09A-22FC-0B20A017CAC3}.Debug|Any CPU.ActiveCfg = Debug|Any CPU
		{38917B2C-B12C-C09A-22FC-0B20A017CAC3}.Debug|Any CPU.Build.0 = Debug|Any CPU
		{38917B2C-B12C-C09A-22FC-0B20A017CAC3}.Release|Any CPU.ActiveCfg = Release|Any CPU
		{38917B2C-B12C-C09A-22FC-0B20A017CAC3}.Release|Any CPU.Build.0 = Release|Any CPU
		{6B504B32-2EC3-31FF-364E-387EA626DEA2}.Debug|Any CPU.ActiveCfg = Debug|Any CPU
		{6B504B32-2EC3-31FF-364E-387EA626DEA2}.Debug|Any CPU.Build.0 = Debug|Any CPU
		{6B504B32-2EC3-31FF-364E-387EA626DEA2}.Release|Any CPU.ActiveCfg = Release|Any CPU
		{6B504B32-2EC3-31FF-364E-387EA626DEA2}.Release|Any CPU.Build.0 = Release|Any CPU
		{5ACF7A90-E91E-BFF8-304E-61687264C0B2}.Debug|Any CPU.ActiveCfg = Debug|Any CPU
		{5ACF7A90-E91E-BFF8-304E-61687264C0B2}.Debug|Any CPU.Build.0 = Debug|Any CPU
		{5ACF7A90-E91E-BFF8-304E-61687264C0B2}.Release|Any CPU.ActiveCfg = Release|Any CPU
		{5ACF7A90-E91E-BFF8-304E-61687264C0B2}.Release|Any CPU.Build.0 = Release|Any CPU
		{44516396-E996-597B-AFA7-80747A163423}.Debug|Any CPU.ActiveCfg = Debug|Any CPU
		{44516396-E996-597B-AFA7-80747A163423}.Debug|Any CPU.Build.0 = Debug|Any CPU
		{44516396-E996-597B-AFA7-80747A163423}.Release|Any CPU.ActiveCfg = Release|Any CPU
		{44516396-E996-597B-AFA7-80747A163423}.Release|Any CPU.Build.0 = Release|Any CPU
		{1308E633-2F06-7653-8518-DDD628D2729B}.Debug|Any CPU.ActiveCfg = Debug|Any CPU
		{1308E633-2F06-7653-8518-DDD628D2729B}.Debug|Any CPU.Build.0 = Debug|Any CPU
		{1308E633-2F06-7653-8518-DDD628D2729B}.Release|Any CPU.ActiveCfg = Release|Any CPU
		{1308E633-2F06-7653-8518-DDD628D2729B}.Release|Any CPU.Build.0 = Release|Any CPU
		{CD0E791E-7B9E-5639-578E-B7E736D7DBCE}.Debug|Any CPU.ActiveCfg = Debug|Any CPU
		{CD0E791E-7B9E-5639-578E-B7E736D7DBCE}.Debug|Any CPU.Build.0 = Debug|Any CPU
		{CD0E791E-7B9E-5639-578E-B7E736D7DBCE}.Release|Any CPU.ActiveCfg = Release|Any CPU
		{CD0E791E-7B9E-5639-578E-B7E736D7DBCE}.Release|Any CPU.Build.0 = Release|Any CPU
		{5B462CED-FB52-2F75-C40B-6641BD2F582B}.Debug|Any CPU.ActiveCfg = Debug|Any CPU
		{5B462CED-FB52-2F75-C40B-6641BD2F582B}.Debug|Any CPU.Build.0 = Debug|Any CPU
		{5B462CED-FB52-2F75-C40B-6641BD2F582B}.Release|Any CPU.ActiveCfg = Release|Any CPU
		{5B462CED-FB52-2F75-C40B-6641BD2F582B}.Release|Any CPU.Build.0 = Release|Any CPU
		{170CDCB6-D7F5-4F26-AD00-EBA39EEC613F}.Debug|Any CPU.ActiveCfg = Debug|Any CPU
		{170CDCB6-D7F5-4F26-AD00-EBA39EEC613F}.Debug|Any CPU.Build.0 = Debug|Any CPU
		{170CDCB6-D7F5-4F26-AD00-EBA39EEC613F}.Release|Any CPU.ActiveCfg = Release|Any CPU
		{170CDCB6-D7F5-4F26-AD00-EBA39EEC613F}.Release|Any CPU.Build.0 = Release|Any CPU
		{044DE341-433F-5702-4D82-2BB3FD3832E3}.Debug|Any CPU.ActiveCfg = Debug|Any CPU
		{044DE341-433F-5702-4D82-2BB3FD3832E3}.Debug|Any CPU.Build.0 = Debug|Any CPU
		{044DE341-433F-5702-4D82-2BB3FD3832E3}.Release|Any CPU.ActiveCfg = Release|Any CPU
		{044DE341-433F-5702-4D82-2BB3FD3832E3}.Release|Any CPU.Build.0 = Release|Any CPU
		{FABC0CC8-7E79-3D9B-8D56-17C4207BB104}.Debug|Any CPU.ActiveCfg = Debug|Any CPU
		{FABC0CC8-7E79-3D9B-8D56-17C4207BB104}.Debug|Any CPU.Build.0 = Debug|Any CPU
		{FABC0CC8-7E79-3D9B-8D56-17C4207BB104}.Release|Any CPU.ActiveCfg = Release|Any CPU
		{FABC0CC8-7E79-3D9B-8D56-17C4207BB104}.Release|Any CPU.Build.0 = Release|Any CPU
		{92C92FD4-253A-352A-CA1D-8ACA5E5F3868}.Debug|Any CPU.ActiveCfg = Debug|Any CPU
		{92C92FD4-253A-352A-CA1D-8ACA5E5F3868}.Debug|Any CPU.Build.0 = Debug|Any CPU
		{92C92FD4-253A-352A-CA1D-8ACA5E5F3868}.Release|Any CPU.ActiveCfg = Release|Any CPU
		{92C92FD4-253A-352A-CA1D-8ACA5E5F3868}.Release|Any CPU.Build.0 = Release|Any CPU
		{FEBF851F-917B-C45E-D2B8-7873FE9FDB40}.Debug|Any CPU.ActiveCfg = Debug|Any CPU
		{FEBF851F-917B-C45E-D2B8-7873FE9FDB40}.Debug|Any CPU.Build.0 = Debug|Any CPU
		{FEBF851F-917B-C45E-D2B8-7873FE9FDB40}.Release|Any CPU.ActiveCfg = Release|Any CPU
		{FEBF851F-917B-C45E-D2B8-7873FE9FDB40}.Release|Any CPU.Build.0 = Release|Any CPU
		{15ADFCBE-9B56-7B0A-7AE5-771D29B1F4C9}.Debug|Any CPU.ActiveCfg = Debug|Any CPU
		{15ADFCBE-9B56-7B0A-7AE5-771D29B1F4C9}.Debug|Any CPU.Build.0 = Debug|Any CPU
		{15ADFCBE-9B56-7B0A-7AE5-771D29B1F4C9}.Release|Any CPU.ActiveCfg = Release|Any CPU
		{15ADFCBE-9B56-7B0A-7AE5-771D29B1F4C9}.Release|Any CPU.Build.0 = Release|Any CPU
		{C777D839-79C4-4B62-8D16-04CA5E7E20C6}.Debug|Any CPU.ActiveCfg = Debug|Any CPU
		{C777D839-79C4-4B62-8D16-04CA5E7E20C6}.Debug|Any CPU.Build.0 = Debug|Any CPU
		{C777D839-79C4-4B62-8D16-04CA5E7E20C6}.Release|Any CPU.ActiveCfg = Release|Any CPU
		{C777D839-79C4-4B62-8D16-04CA5E7E20C6}.Release|Any CPU.Build.0 = Release|Any CPU
		{E831BAC6-A2D5-7838-90F2-C07539A99F01}.Debug|Any CPU.ActiveCfg = Debug|Any CPU
		{E831BAC6-A2D5-7838-90F2-C07539A99F01}.Debug|Any CPU.Build.0 = Debug|Any CPU
		{E831BAC6-A2D5-7838-90F2-C07539A99F01}.Release|Any CPU.ActiveCfg = Release|Any CPU
		{E831BAC6-A2D5-7838-90F2-C07539A99F01}.Release|Any CPU.Build.0 = Release|Any CPU
		{561BF8D6-6A2F-90EE-0D4D-F316F94CC034}.Debug|Any CPU.ActiveCfg = Debug|Any CPU
		{561BF8D6-6A2F-90EE-0D4D-F316F94CC034}.Debug|Any CPU.Build.0 = Debug|Any CPU
		{561BF8D6-6A2F-90EE-0D4D-F316F94CC034}.Release|Any CPU.ActiveCfg = Release|Any CPU
		{561BF8D6-6A2F-90EE-0D4D-F316F94CC034}.Release|Any CPU.Build.0 = Release|Any CPU
		{DAF9D6E0-7FDA-6630-A35F-81F26D7D9664}.Debug|Any CPU.ActiveCfg = Debug|Any CPU
		{DAF9D6E0-7FDA-6630-A35F-81F26D7D9664}.Debug|Any CPU.Build.0 = Debug|Any CPU
		{DAF9D6E0-7FDA-6630-A35F-81F26D7D9664}.Release|Any CPU.ActiveCfg = Release|Any CPU
		{DAF9D6E0-7FDA-6630-A35F-81F26D7D9664}.Release|Any CPU.Build.0 = Release|Any CPU
		{2D266117-66DF-2AA8-67C7-AB234A701B9E}.Debug|Any CPU.ActiveCfg = Debug|Any CPU
		{2D266117-66DF-2AA8-67C7-AB234A701B9E}.Debug|Any CPU.Build.0 = Debug|Any CPU
		{2D266117-66DF-2AA8-67C7-AB234A701B9E}.Release|Any CPU.ActiveCfg = Release|Any CPU
		{2D266117-66DF-2AA8-67C7-AB234A701B9E}.Release|Any CPU.Build.0 = Release|Any CPU
		{D30AC86F-3BAB-4F13-9490-B7A83B67B3A6}.Debug|Any CPU.ActiveCfg = Debug|Any CPU
		{D30AC86F-3BAB-4F13-9490-B7A83B67B3A6}.Debug|Any CPU.Build.0 = Debug|Any CPU
		{D30AC86F-3BAB-4F13-9490-B7A83B67B3A6}.Release|Any CPU.ActiveCfg = Release|Any CPU
		{D30AC86F-3BAB-4F13-9490-B7A83B67B3A6}.Release|Any CPU.Build.0 = Release|Any CPU
		{741510D9-C2E3-465D-A5FB-6F7D444D57A7}.Debug|Any CPU.ActiveCfg = Debug|Any CPU
		{741510D9-C2E3-465D-A5FB-6F7D444D57A7}.Debug|Any CPU.Build.0 = Debug|Any CPU
		{741510D9-C2E3-465D-A5FB-6F7D444D57A7}.Release|Any CPU.ActiveCfg = Release|Any CPU
		{741510D9-C2E3-465D-A5FB-6F7D444D57A7}.Release|Any CPU.Build.0 = Release|Any CPU
		{E62C1C99-23E4-4FF5-9351-9ACD29564107}.Debug|Any CPU.ActiveCfg = Debug|Any CPU
		{E62C1C99-23E4-4FF5-9351-9ACD29564107}.Debug|Any CPU.Build.0 = Debug|Any CPU
		{E62C1C99-23E4-4FF5-9351-9ACD29564107}.Release|Any CPU.ActiveCfg = Release|Any CPU
		{E62C1C99-23E4-4FF5-9351-9ACD29564107}.Release|Any CPU.Build.0 = Release|Any CPU
		{C82D2A3E-DD9F-4448-8BC0-AB48728B5D65}.Debug|Any CPU.ActiveCfg = Debug|Any CPU
		{C82D2A3E-DD9F-4448-8BC0-AB48728B5D65}.Debug|Any CPU.Build.0 = Debug|Any CPU
		{C82D2A3E-DD9F-4448-8BC0-AB48728B5D65}.Release|Any CPU.ActiveCfg = Release|Any CPU
		{C82D2A3E-DD9F-4448-8BC0-AB48728B5D65}.Release|Any CPU.Build.0 = Release|Any CPU
		{92158927-2668-4575-9DD6-5BDFDD6AEB97}.Debug|Any CPU.ActiveCfg = Debug|Any CPU
		{92158927-2668-4575-9DD6-5BDFDD6AEB97}.Debug|Any CPU.Build.0 = Debug|Any CPU
		{92158927-2668-4575-9DD6-5BDFDD6AEB97}.Release|Any CPU.ActiveCfg = Release|Any CPU
		{92158927-2668-4575-9DD6-5BDFDD6AEB97}.Release|Any CPU.Build.0 = Release|Any CPU
	EndGlobalSection
	GlobalSection(SolutionProperties) = preSolution
		HideSolutionNode = FALSE
	EndGlobalSection
	GlobalSection(NestedProjects) = preSolution
		{49D99BED-C875-40B8-8708-348978D0DBA1} = {7090C081-7DB8-4600-96D9-4AC62A8FF3EB}
		{8FA733FA-5492-44A0-B6ED-AF40B289BD6B} = {7090C081-7DB8-4600-96D9-4AC62A8FF3EB}
		{F7C890B2-6952-4A8E-AFD2-E1F77A024038} = {7090C081-7DB8-4600-96D9-4AC62A8FF3EB}
		{29652794-9CFD-44C9-BD8B-CEE2678318DF} = {7090C081-7DB8-4600-96D9-4AC62A8FF3EB}
		{660FBE82-7C2F-4999-A2D4-3C26EA7B9A08} = {7090C081-7DB8-4600-96D9-4AC62A8FF3EB}
		{34F53C8D-707F-4EA1-9B7B-9BB9C36B237C} = {7090C081-7DB8-4600-96D9-4AC62A8FF3EB}
		{7B8867FA-D020-4F4B-B09B-5D2FE8D0D76A} = {7090C081-7DB8-4600-96D9-4AC62A8FF3EB}
		{79A678D0-1235-4153-B126-373A1D31D5D1} = {7090C081-7DB8-4600-96D9-4AC62A8FF3EB}
		{C07ADAA8-A6D7-4430-A801-33536BD0226E} = {7090C081-7DB8-4600-96D9-4AC62A8FF3EB}
		{38917B2C-B12C-C09A-22FC-0B20A017CAC3} = {7090C081-7DB8-4600-96D9-4AC62A8FF3EB}
		{6B504B32-2EC3-31FF-364E-387EA626DEA2} = {7090C081-7DB8-4600-96D9-4AC62A8FF3EB}
		{5ACF7A90-E91E-BFF8-304E-61687264C0B2} = {7090C081-7DB8-4600-96D9-4AC62A8FF3EB}
		{44516396-E996-597B-AFA7-80747A163423} = {7090C081-7DB8-4600-96D9-4AC62A8FF3EB}
		{1308E633-2F06-7653-8518-DDD628D2729B} = {7090C081-7DB8-4600-96D9-4AC62A8FF3EB}
		{CD0E791E-7B9E-5639-578E-B7E736D7DBCE} = {7090C081-7DB8-4600-96D9-4AC62A8FF3EB}
		{5B462CED-FB52-2F75-C40B-6641BD2F582B} = {7090C081-7DB8-4600-96D9-4AC62A8FF3EB}
		{170CDCB6-D7F5-4F26-AD00-EBA39EEC613F} = {7090C081-7DB8-4600-96D9-4AC62A8FF3EB}
		{044DE341-433F-5702-4D82-2BB3FD3832E3} = {02EA681E-C7D8-13C7-8484-4AC65E1B71E8}
		{FABC0CC8-7E79-3D9B-8D56-17C4207BB104} = {02EA681E-C7D8-13C7-8484-4AC65E1B71E8}
		{92C92FD4-253A-352A-CA1D-8ACA5E5F3868} = {02EA681E-C7D8-13C7-8484-4AC65E1B71E8}
		{FEBF851F-917B-C45E-D2B8-7873FE9FDB40} = {02EA681E-C7D8-13C7-8484-4AC65E1B71E8}
		{15ADFCBE-9B56-7B0A-7AE5-771D29B1F4C9} = {02EA681E-C7D8-13C7-8484-4AC65E1B71E8}
		{C777D839-79C4-4B62-8D16-04CA5E7E20C6} = {47CC24EA-DEE1-43E5-ACDE-BC3A0FAAF0FE}
		{E831BAC6-A2D5-7838-90F2-C07539A99F01} = {47CC24EA-DEE1-43E5-ACDE-BC3A0FAAF0FE}
		{561BF8D6-6A2F-90EE-0D4D-F316F94CC034} = {47CC24EA-DEE1-43E5-ACDE-BC3A0FAAF0FE}
		{DAF9D6E0-7FDA-6630-A35F-81F26D7D9664} = {47CC24EA-DEE1-43E5-ACDE-BC3A0FAAF0FE}
		{2D266117-66DF-2AA8-67C7-AB234A701B9E} = {47CC24EA-DEE1-43E5-ACDE-BC3A0FAAF0FE}
		{D30AC86F-3BAB-4F13-9490-B7A83B67B3A6} = {47CC24EA-DEE1-43E5-ACDE-BC3A0FAAF0FE}
		{741510D9-C2E3-465D-A5FB-6F7D444D57A7} = {9489BB9E-F4E1-4654-BF09-C77081B52CA4}
		{E62C1C99-23E4-4FF5-9351-9ACD29564107} = {9489BB9E-F4E1-4654-BF09-C77081B52CA4}
		{C82D2A3E-DD9F-4448-8BC0-AB48728B5D65} = {9489BB9E-F4E1-4654-BF09-C77081B52CA4}
		{92158927-2668-4575-9DD6-5BDFDD6AEB97} = {9489BB9E-F4E1-4654-BF09-C77081B52CA4}
	EndGlobalSection
	GlobalSection(ExtensibilityGlobals) = postSolution
		SolutionGuid = {76A708F1-9E44-4631-9DA5-26CC27C7E837}
	EndGlobalSection
EndGlobal
